
Microsoft Visual Studio Solution File, Format Version 12.00
# Visual Studio 2013
VisualStudioVersion = 12.0.30501.0
MinimumVisualStudioVersion = 10.0.40219.1
Project("{FAE04EC0-301F-11D3-BF4B-00C04F79EFBC}") = "Server", "Server\Server.csproj", "{C224B67B-BF93-499F-89FA-A1AB2570FB03}"
EndProject
Project("{FAE04EC0-301F-11D3-BF4B-00C04F79EFBC}") = "Client", "Client\Client.csproj", "{0DFD2245-E898-4EDE-B8EE-3C6FF8A791B4}"
EndProject
Project("{FAE04EC0-301F-11D3-BF4B-00C04F79EFBC}") = "SignalRExtendLib", "SignalRExtendLib\SignalRExtendLib.csproj", "{13FCF29F-B917-49DC-A38D-8533DDCDB2CA}"
EndProject
Project("{FAE04EC0-301F-11D3-BF4B-00C04F79EFBC}") = "WebPage", "WebPage\WebPage.csproj", "{6267FC02-0F89-4698-83DF-B4B85990FDF0}"
EndProject
Global
	GlobalSection(SolutionConfigurationPlatforms) = preSolution
		Debug|Any CPU = Debug|Any CPU
		Release|Any CPU = Release|Any CPU
	EndGlobalSection
	GlobalSection(ProjectConfigurationPlatforms) = postSolution
		{C224B67B-BF93-499F-89FA-A1AB2570FB03}.Debug|Any CPU.ActiveCfg = Debug|Any CPU
		{C224B67B-BF93-499F-89FA-A1AB2570FB03}.Debug|Any CPU.Build.0 = Debug|Any CPU
		{C224B67B-BF93-499F-89FA-A1AB2570FB03}.Release|Any CPU.ActiveCfg = Release|Any CPU
		{C224B67B-BF93-499F-89FA-A1AB2570FB03}.Release|Any CPU.Build.0 = Release|Any CPU
		{0DFD2245-E898-4EDE-B8EE-3C6FF8A791B4}.Debug|Any CPU.ActiveCfg = Debug|Any CPU
		{0DFD2245-E898-4EDE-B8EE-3C6FF8A791B4}.Debug|Any CPU.Build.0 = Debug|Any CPU
		{0DFD2245-E898-4EDE-B8EE-3C6FF8A791B4}.Release|Any CPU.ActiveCfg = Release|Any CPU
		{0DFD2245-E898-4EDE-B8EE-3C6FF8A791B4}.Release|Any CPU.Build.0 = Release|Any CPU
		{13FCF29F-B917-49DC-A38D-8533DDCDB2CA}.Debug|Any CPU.ActiveCfg = Debug|Any CPU
		{13FCF29F-B917-49DC-A38D-8533DDCDB2CA}.Debug|Any CPU.Build.0 = Debug|Any CPU
		{13FCF29F-B917-49DC-A38D-8533DDCDB2CA}.Release|Any CPU.ActiveCfg = Release|Any CPU
		{13FCF29F-B917-49DC-A38D-8533DDCDB2CA}.Release|Any CPU.Build.0 = Release|Any CPU
		{6267FC02-0F89-4698-83DF-B4B85990FDF0}.Debug|Any CPU.ActiveCfg = Debug|Any CPU
		{6267FC02-0F89-4698-83DF-B4B85990FDF0}.Debug|Any CPU.Build.0 = Debug|Any CPU
		{6267FC02-0F89-4698-83DF-B4B85990FDF0}.Release|Any CPU.ActiveCfg = Release|Any CPU
		{6267FC02-0F89-4698-83DF-B4B85990FDF0}.Release|Any CPU.Build.0 = Release|Any CPU
	EndGlobalSection
	GlobalSection(SolutionProperties) = preSolution
		HideSolutionNode = FALSE
	EndGlobalSection
EndGlobal
